{
  "name": "be-reformable",
  "version": "0.0.75",
  "lockfileVersion": 2,
  "requires": true,
  "packages": {
    "": {
      "name": "be-reformable",
      "version": "0.0.75",
      "license": "MIT",
      "dependencies": {
        "be-enhanced": "0.0.147",
        "be-hive": "0.0.227",
        "mount-observer": "0.0.39",
        "trans-render": "0.0.848"
      },
      "devDependencies": {
        "@playwright/test": "1.48.1",
        "ssi-server": "0.0.1"
      }
    },
    "node_modules/@playwright/test": {
      "version": "1.48.1",
      "resolved": "https://registry.npmjs.org/@playwright/test/-/test-1.48.1.tgz",
      "integrity": "sha512-s9RtWoxkOLmRJdw3oFvhFbs9OJS0BzrLUc8Hf6l2UdCNd1rqeEyD4BhCJkvzeEoD1FsK4mirsWwGerhVmYKtZg==",
      "dev": true,
      "dependencies": {
        "playwright": "1.48.1"
      },
      "bin": {
        "playwright": "cli.js"
      },
      "engines": {
        "node": ">=18"
      }
    },
    "node_modules/be-enhanced": {
      "version": "0.0.147",
      "resolved": "https://registry.npmjs.org/be-enhanced/-/be-enhanced-0.0.147.tgz",
      "integrity": "sha512-Os96I30E5VXZ5awMTzti4OnBRHwRJbSXwCTImBNGKaMJBQRppnwccSIMXjun8y0XB+XZ0fJkBGhGnEHAkdobQA==",
      "dependencies": {
        "trans-render": "0.0.848"
      }
    },
    "node_modules/be-hive": {
      "version": "0.0.227",
      "resolved": "https://registry.npmjs.org/be-hive/-/be-hive-0.0.227.tgz",
      "integrity": "sha512-oTuHNi8GYf2jMUMOQ07SNNfuoQCDeiUxiUGj5WbaZPFqKP8htxttNxEI488W6D/Sj652YluoSLgZB+ac95FkMA==",
      "dependencies": {
        "be-enhanced": "0.0.147",
        "mount-observer": "0.0.39",
        "trans-render": "0.0.848"
      }
    },
    "node_modules/fsevents": {
      "version": "2.3.2",
      "resolved": "https://registry.npmjs.org/fsevents/-/fsevents-2.3.2.tgz",
      "integrity": "sha512-xiqMQR4xAeHTuB9uWm+fFRcIOgKBMiOBP+eXiyT7jsgVCq1bkVygt00oASowB7EdtpOHaaPgKt812P9ab+DDKA==",
      "dev": true,
      "hasInstallScript": true,
      "optional": true,
      "os": [
        "darwin"
      ],
      "engines": {
        "node": "^8.16.0 || ^10.6.0 || >=11.0.0"
      }
    },
    "node_modules/mount-observer": {
      "version": "0.0.39",
      "resolved": "https://registry.npmjs.org/mount-observer/-/mount-observer-0.0.39.tgz",
      "integrity": "sha512-iyoMdQAE4luZfgXDf4zO6hiLd33w8tRAIdpJZVu30UAH2pwysjAqZOuPP0/fbcBUH3JBY6jVE8WlNHfc11gjNA=="
    },
    "node_modules/playwright": {
      "version": "1.48.1",
      "resolved": "https://registry.npmjs.org/playwright/-/playwright-1.48.1.tgz",
      "integrity": "sha512-j8CiHW/V6HxmbntOfyB4+T/uk08tBy6ph0MpBXwuoofkSnLmlfdYNNkFTYD6ofzzlSqLA1fwH4vwvVFvJgLN0w==",
      "dev": true,
      "dependencies": {
        "playwright-core": "1.48.1"
      },
      "bin": {
        "playwright": "cli.js"
      },
      "engines": {
        "node": ">=18"
      },
      "optionalDependencies": {
        "fsevents": "2.3.2"
      }
    },
    "node_modules/playwright-core": {
      "version": "1.48.1",
      "resolved": "https://registry.npmjs.org/playwright-core/-/playwright-core-1.48.1.tgz",
      "integrity": "sha512-Yw/t4VAFX/bBr1OzwCuOMZkY1Cnb4z/doAFSwf4huqAGWmf9eMNjmK7NiOljCdLmxeRYcGPPmcDgU0zOlzP0YA==",
      "dev": true,
      "bin": {
        "playwright-core": "cli.js"
      },
      "engines": {
        "node": ">=18"
      }
    },
    "node_modules/ssi-server": {
      "version": "0.0.1",
      "resolved": "https://registry.npmjs.org/ssi-server/-/ssi-server-0.0.1.tgz",
      "integrity": "sha512-HdgGAl+z7O0lq3Bl4cCnj4tKg7mG3rI4srKnaoPTHIzHO4QMMdvP9z6IDRz1fIpgLBMi6b6ZnvbYa2TSPjBhpg==",
      "dev": true
    },
    "node_modules/trans-render": {
      "version": "0.0.848",
      "resolved": "https://registry.npmjs.org/trans-render/-/trans-render-0.0.848.tgz",
      "integrity": "sha512-CIcMTffBUC1pmy4SkLaWY2fhNDHuf6WZ3+6aNntF/pa7vc7APXYaTnYLnxrzE/zL83ROysblCKwYyHze2Lgorw==",
      "dependencies": {
        "mount-observer": "0.0.39"
      }
    }
  },
  "dependencies": {
    "@playwright/test": {
      "version": "1.48.1",
      "resolved": "https://registry.npmjs.org/@playwright/test/-/test-1.48.1.tgz",
      "integrity": "sha512-s9RtWoxkOLmRJdw3oFvhFbs9OJS0BzrLUc8Hf6l2UdCNd1rqeEyD4BhCJkvzeEoD1FsK4mirsWwGerhVmYKtZg==",
      "dev": true,
      "requires": {
        "playwright": "1.48.1"
      }
    },
    "be-enhanced": {
      "version": "0.0.147",
      "resolved": "https://registry.npmjs.org/be-enhanced/-/be-enhanced-0.0.147.tgz",
      "integrity": "sha512-Os96I30E5VXZ5awMTzti4OnBRHwRJbSXwCTImBNGKaMJBQRppnwccSIMXjun8y0XB+XZ0fJkBGhGnEHAkdobQA==",
      "requires": {
        "trans-render": "0.0.848"
      }
    },
    "be-hive": {
      "version": "0.0.227",
      "resolved": "https://registry.npmjs.org/be-hive/-/be-hive-0.0.227.tgz",
      "integrity": "sha512-oTuHNi8GYf2jMUMOQ07SNNfuoQCDeiUxiUGj5WbaZPFqKP8htxttNxEI488W6D/Sj652YluoSLgZB+ac95FkMA==",
      "requires": {
        "be-enhanced": "0.0.147",
        "mount-observer": "0.0.39",
        "trans-render": "0.0.848"
      }
    },
    "fsevents": {
      "version": "2.3.2",
      "resolved": "https://registry.npmjs.org/fsevents/-/fsevents-2.3.2.tgz",
      "integrity": "sha512-xiqMQR4xAeHTuB9uWm+fFRcIOgKBMiOBP+eXiyT7jsgVCq1bkVygt00oASowB7EdtpOHaaPgKt812P9ab+DDKA==",
      "dev": true,
      "optional": true
    },
    "mount-observer": {
      "version": "0.0.39",
      "resolved": "https://registry.npmjs.org/mount-observer/-/mount-observer-0.0.39.tgz",
      "integrity": "sha512-iyoMdQAE4luZfgXDf4zO6hiLd33w8tRAIdpJZVu30UAH2pwysjAqZOuPP0/fbcBUH3JBY6jVE8WlNHfc11gjNA=="
    },
    "playwright": {
      "version": "1.48.1",
      "resolved": "https://registry.npmjs.org/playwright/-/playwright-1.48.1.tgz",
      "integrity": "sha512-j8CiHW/V6HxmbntOfyB4+T/uk08tBy6ph0MpBXwuoofkSnLmlfdYNNkFTYD6ofzzlSqLA1fwH4vwvVFvJgLN0w==",
      "dev": true,
      "requires": {
        "fsevents": "2.3.2",
        "playwright-core": "1.48.1"
      }
    },
    "playwright-core": {
      "version": "1.48.1",
      "resolved": "https://registry.npmjs.org/playwright-core/-/playwright-core-1.48.1.tgz",
      "integrity": "sha512-Yw/t4VAFX/bBr1OzwCuOMZkY1Cnb4z/doAFSwf4huqAGWmf9eMNjmK7NiOljCdLmxeRYcGPPmcDgU0zOlzP0YA==",
      "dev": true
    },
    "ssi-server": {
      "version": "0.0.1",
      "resolved": "https://registry.npmjs.org/ssi-server/-/ssi-server-0.0.1.tgz",
      "integrity": "sha512-HdgGAl+z7O0lq3Bl4cCnj4tKg7mG3rI4srKnaoPTHIzHO4QMMdvP9z6IDRz1fIpgLBMi6b6ZnvbYa2TSPjBhpg==",
      "dev": true
    },
    "trans-render": {
      "version": "0.0.848",
      "resolved": "https://registry.npmjs.org/trans-render/-/trans-render-0.0.848.tgz",
      "integrity": "sha512-CIcMTffBUC1pmy4SkLaWY2fhNDHuf6WZ3+6aNntF/pa7vc7APXYaTnYLnxrzE/zL83ROysblCKwYyHze2Lgorw==",
      "requires": {
        "mount-observer": "0.0.39"
      }
    }
  }
}
